
Microsoft Visual Studio Solution File, Format Version 12.00
# Visual Studio 14
VisualStudioVersion = 14.0.24720.0
MinimumVisualStudioVersion = 10.0.40219.1
Project("{FAE04EC0-301F-11D3-BF4B-00C04F79EFBC}") = "Infomat", "Infomat\Infomat.csproj", "{37DE7247-A985-47EC-9425-731A37F96C64}"
	ProjectSection(ProjectDependencies) = postProject
		{435787AB-EA95-4062-B7E7-A080EEFDF899} = {435787AB-EA95-4062-B7E7-A080EEFDF899}
		{641913B3-C4F4-4F07-931D-3122741AA517} = {641913B3-C4F4-4F07-931D-3122741AA517}
		{4D6CAFD2-58F5-4C76-8AA5-A12BB55914A7} = {4D6CAFD2-58F5-4C76-8AA5-A12BB55914A7}
	EndProjectSection
EndProject
Project("{FAE04EC0-301F-11D3-BF4B-00C04F79EFBC}") = "InfomatBrowser", "InfomatBrowser\InfomatBrowser.csproj", "{4D6CAFD2-58F5-4C76-8AA5-A12BB55914A7}"
	ProjectSection(ProjectDependencies) = postProject
		{68F69265-0119-453A-B719-D7F8CC97B8D5} = {68F69265-0119-453A-B719-D7F8CC97B8D5}
	EndProjectSection
EndProject
Project("{FAE04EC0-301F-11D3-BF4B-00C04F79EFBC}") = "InfomatCardReader", "InfomatCardReader\InfomatCardReader.csproj", "{68F69265-0119-453A-B719-D7F8CC97B8D5}"
EndProject
Project("{FAE04EC0-301F-11D3-BF4B-00C04F79EFBC}") = "InfomatTools", "InfomatTools\InfomatTools.csproj", "{C1A1A540-A469-4C50-AEF5-206F63C08665}"
EndProject
Project("{FAE04EC0-301F-11D3-BF4B-00C04F79EFBC}") = "InfomatLauncher", "InfomatLauncher\InfomatLauncher.csproj", "{42D90B5A-A444-4086-BE56-F637530CE866}"
	ProjectSection(ProjectDependencies) = postProject
		{435787AB-EA95-4062-B7E7-A080EEFDF899} = {435787AB-EA95-4062-B7E7-A080EEFDF899}
		{641913B3-C4F4-4F07-931D-3122741AA517} = {641913B3-C4F4-4F07-931D-3122741AA517}
	EndProjectSection
EndProject
Project("{FAE04EC0-301F-11D3-BF4B-00C04F79EFBC}") = "InfomatPrinter", "InfomatPrinter\InfomatPrinter.csproj", "{641913B3-C4F4-4F07-931D-3122741AA517}"
	ProjectSection(ProjectDependencies) = postProject
		{C1A1A540-A469-4C50-AEF5-206F63C08665} = {C1A1A540-A469-4C50-AEF5-206F63C08665}
	EndProjectSection
EndProject
Project("{FAE04EC0-301F-11D3-BF4B-00C04F79EFBC}") = "InfomatMachineId", "InfomatMachineId\InfomatMachineId.csproj", "{435787AB-EA95-4062-B7E7-A080EEFDF899}"
EndProject
Project("{54435603-DBB4-11D2-8724-00A0C9A8B90C}") = "InfomatSetup", "InfomatSetup\InfomatSetup.vdproj", "{F3F40F50-1E0A-4EFC-9812-B93E8A065239}"
	ProjectSection(ProjectDependencies) = postProject
		{DF54D181-7F6C-4ACB-96B9-AB4548F58F60} = {DF54D181-7F6C-4ACB-96B9-AB4548F58F60}
	EndProjectSection
EndProject
Project("{FAE04EC0-301F-11D3-BF4B-00C04F79EFBC}") = "InstallHelper", "InstallHelper\InstallHelper.csproj", "{DF54D181-7F6C-4ACB-96B9-AB4548F58F60}"
EndProject
Global
	GlobalSection(SolutionConfigurationPlatforms) = preSolution
		Debug|Any CPU = Debug|Any CPU
		Debug|x64 = Debug|x64
		Debug|x86 = Debug|x86
		Release|Any CPU = Release|Any CPU
		Release|x64 = Release|x64
		Release|x86 = Release|x86
	EndGlobalSection
	GlobalSection(ProjectConfigurationPlatforms) = postSolution
		{37DE7247-A985-47EC-9425-731A37F96C64}.Debug|Any CPU.ActiveCfg = Debug|x86
		{37DE7247-A985-47EC-9425-731A37F96C64}.Debug|Any CPU.Build.0 = Debug|x86
		{37DE7247-A985-47EC-9425-731A37F96C64}.Debug|x64.ActiveCfg = Release|x86
		{37DE7247-A985-47EC-9425-731A37F96C64}.Debug|x64.Build.0 = Release|x86
		{37DE7247-A985-47EC-9425-731A37F96C64}.Debug|x64.Deploy.0 = Release|x86
		{37DE7247-A985-47EC-9425-731A37F96C64}.Debug|x86.ActiveCfg = Debug|x86
		{37DE7247-A985-47EC-9425-731A37F96C64}.Debug|x86.Build.0 = Debug|x86
		{37DE7247-A985-47EC-9425-731A37F96C64}.Release|Any CPU.ActiveCfg = Release|x86
		{37DE7247-A985-47EC-9425-731A37F96C64}.Release|x64.ActiveCfg = Release|x64
		{37DE7247-A985-47EC-9425-731A37F96C64}.Release|x64.Build.0 = Release|x64
		{37DE7247-A985-47EC-9425-731A37F96C64}.Release|x64.Deploy.0 = Release|x64
		{37DE7247-A985-47EC-9425-731A37F96C64}.Release|x86.ActiveCfg = Release|x86
		{37DE7247-A985-47EC-9425-731A37F96C64}.Release|x86.Build.0 = Release|x86
		{4D6CAFD2-58F5-4C76-8AA5-A12BB55914A7}.Debug|Any CPU.ActiveCfg = Debug|x86
		{4D6CAFD2-58F5-4C76-8AA5-A12BB55914A7}.Debug|Any CPU.Build.0 = Debug|x86
		{4D6CAFD2-58F5-4C76-8AA5-A12BB55914A7}.Debug|x64.ActiveCfg = Release|x86
		{4D6CAFD2-58F5-4C76-8AA5-A12BB55914A7}.Debug|x64.Build.0 = Release|x86
		{4D6CAFD2-58F5-4C76-8AA5-A12BB55914A7}.Debug|x64.Deploy.0 = Release|x86
		{4D6CAFD2-58F5-4C76-8AA5-A12BB55914A7}.Debug|x86.ActiveCfg = Debug|x86
		{4D6CAFD2-58F5-4C76-8AA5-A12BB55914A7}.Debug|x86.Build.0 = Debug|x86
		{4D6CAFD2-58F5-4C76-8AA5-A12BB55914A7}.Release|Any CPU.ActiveCfg = Release|Any CPU
		{4D6CAFD2-58F5-4C76-8AA5-A12BB55914A7}.Release|Any CPU.Build.0 = Release|Any CPU
		{4D6CAFD2-58F5-4C76-8AA5-A12BB55914A7}.Release|x64.ActiveCfg = Release|x64
		{4D6CAFD2-58F5-4C76-8AA5-A12BB55914A7}.Release|x64.Build.0 = Release|x64
		{4D6CAFD2-58F5-4C76-8AA5-A12BB55914A7}.Release|x86.ActiveCfg = Release|x86
		{4D6CAFD2-58F5-4C76-8AA5-A12BB55914A7}.Release|x86.Build.0 = Release|x86
		{68F69265-0119-453A-B719-D7F8CC97B8D5}.Debug|Any CPU.ActiveCfg = Debug|Any CPU
		{68F69265-0119-453A-B719-D7F8CC97B8D5}.Debug|Any CPU.Build.0 = Debug|Any CPU
		{68F69265-0119-453A-B719-D7F8CC97B8D5}.Debug|x64.ActiveCfg = Debug|Any CPU
		{68F69265-0119-453A-B719-D7F8CC97B8D5}.Debug|x64.Build.0 = Debug|Any CPU
		{68F69265-0119-453A-B719-D7F8CC97B8D5}.Debug|x86.ActiveCfg = Debug|x86
		{68F69265-0119-453A-B719-D7F8CC97B8D5}.Debug|x86.Build.0 = Debug|x86
		{68F69265-0119-453A-B719-D7F8CC97B8D5}.Release|Any CPU.ActiveCfg = Release|Any CPU
		{68F69265-0119-453A-B719-D7F8CC97B8D5}.Release|Any CPU.Build.0 = Release|Any CPU
		{68F69265-0119-453A-B719-D7F8CC97B8D5}.Release|x64.ActiveCfg = Release|Any CPU
		{68F69265-0119-453A-B719-D7F8CC97B8D5}.Release|x64.Build.0 = Release|Any CPU
		{68F69265-0119-453A-B719-D7F8CC97B8D5}.Release|x86.ActiveCfg = Release|x86
		{68F69265-0119-453A-B719-D7F8CC97B8D5}.Release|x86.Build.0 = Release|x86
		{C1A1A540-A469-4C50-AEF5-206F63C08665}.Debug|Any CPU.ActiveCfg = Debug|Any CPU
		{C1A1A540-A469-4C50-AEF5-206F63C08665}.Debug|Any CPU.Build.0 = Debug|Any CPU
		{C1A1A540-A469-4C50-AEF5-206F63C08665}.Debug|x64.ActiveCfg = Debug|Any CPU
		{C1A1A540-A469-4C50-AEF5-206F63C08665}.Debug|x64.Build.0 = Debug|Any CPU
		{C1A1A540-A469-4C50-AEF5-206F63C08665}.Debug|x86.ActiveCfg = Debug|x86
		{C1A1A540-A469-4C50-AEF5-206F63C08665}.Debug|x86.Build.0 = Debug|x86
		{C1A1A540-A469-4C50-AEF5-206F63C08665}.Release|Any CPU.ActiveCfg = Release|Any CPU
		{C1A1A540-A469-4C50-AEF5-206F63C08665}.Release|Any CPU.Build.0 = Release|Any CPU
		{C1A1A540-A469-4C50-AEF5-206F63C08665}.Release|x64.ActiveCfg = Release|Any CPU
		{C1A1A540-A469-4C50-AEF5-206F63C08665}.Release|x64.Build.0 = Release|Any CPU
		{C1A1A540-A469-4C50-AEF5-206F63C08665}.Release|x86.ActiveCfg = Release|x86
		{C1A1A540-A469-4C50-AEF5-206F63C08665}.Release|x86.Build.0 = Release|x86
		{42D90B5A-A444-4086-BE56-F637530CE866}.Debug|Any CPU.ActiveCfg = Debug|Any CPU
		{42D90B5A-A444-4086-BE56-F637530CE866}.Debug|Any CPU.Build.0 = Debug|Any CPU
		{42D90B5A-A444-4086-BE56-F637530CE866}.Debug|x64.ActiveCfg = Debug|Any CPU
		{42D90B5A-A444-4086-BE56-F637530CE866}.Debug|x64.Build.0 = Debug|Any CPU
		{42D90B5A-A444-4086-BE56-F637530CE866}.Debug|x86.ActiveCfg = Debug|x86
		{42D90B5A-A444-4086-BE56-F637530CE866}.Debug|x86.Build.0 = Debug|x86
		{42D90B5A-A444-4086-BE56-F637530CE866}.Release|Any CPU.ActiveCfg = Release|Any CPU
		{42D90B5A-A444-4086-BE56-F637530CE866}.Release|Any CPU.Build.0 = Release|Any CPU
		{42D90B5A-A444-4086-BE56-F637530CE866}.Release|x64.ActiveCfg = Release|Any CPU
		{42D90B5A-A444-4086-BE56-F637530CE866}.Release|x64.Build.0 = Release|Any CPU
		{42D90B5A-A444-4086-BE56-F637530CE866}.Release|x86.ActiveCfg = Release|x86
		{42D90B5A-A444-4086-BE56-F637530CE866}.Release|x86.Build.0 = Release|x86
		{641913B3-C4F4-4F07-931D-3122741AA517}.Debug|Any CPU.ActiveCfg = Debug|Any CPU
		{641913B3-C4F4-4F07-931D-3122741AA517}.Debug|Any CPU.Build.0 = Debug|Any CPU
		{641913B3-C4F4-4F07-931D-3122741AA517}.Debug|x64.ActiveCfg = Debug|Any CPU
		{641913B3-C4F4-4F07-931D-3122741AA517}.Debug|x64.Build.0 = Debug|Any CPU
		{641913B3-C4F4-4F07-931D-3122741AA517}.Debug|x86.ActiveCfg = Debug|x86
		{641913B3-C4F4-4F07-931D-3122741AA517}.Debug|x86.Build.0 = Debug|x86
		{641913B3-C4F4-4F07-931D-3122741AA517}.Release|Any CPU.ActiveCfg = Release|Any CPU
		{641913B3-C4F4-4F07-931D-3122741AA517}.Release|Any CPU.Build.0 = Release|Any CPU
		{641913B3-C4F4-4F07-931D-3122741AA517}.Release|x64.ActiveCfg = Release|Any CPU
		{641913B3-C4F4-4F07-931D-3122741AA517}.Release|x64.Build.0 = Release|Any CPU
		{641913B3-C4F4-4F07-931D-3122741AA517}.Release|x86.ActiveCfg = Release|x86
		{641913B3-C4F4-4F07-931D-3122741AA517}.Release|x86.Build.0 = Release|x86
		{435787AB-EA95-4062-B7E7-A080EEFDF899}.Debug|Any CPU.ActiveCfg = Debug|Any CPU
		{435787AB-EA95-4062-B7E7-A080EEFDF899}.Debug|Any CPU.Build.0 = Debug|Any CPU
		{435787AB-EA95-4062-B7E7-A080EEFDF899}.Debug|x64.ActiveCfg = Debug|Any CPU
		{435787AB-EA95-4062-B7E7-A080EEFDF899}.Debug|x64.Build.0 = Debug|Any CPU
		{435787AB-EA95-4062-B7E7-A080EEFDF899}.Debug|x86.ActiveCfg = Debug|x86
		{435787AB-EA95-4062-B7E7-A080EEFDF899}.Debug|x86.Build.0 = Debug|x86
		{435787AB-EA95-4062-B7E7-A080EEFDF899}.Release|Any CPU.ActiveCfg = Release|Any CPU
		{435787AB-EA95-4062-B7E7-A080EEFDF899}.Release|Any CPU.Build.0 = Release|Any CPU
		{435787AB-EA95-4062-B7E7-A080EEFDF899}.Release|x64.ActiveCfg = Release|Any CPU
		{435787AB-EA95-4062-B7E7-A080EEFDF899}.Release|x64.Build.0 = Release|Any CPU
		{435787AB-EA95-4062-B7E7-A080EEFDF899}.Release|x86.ActiveCfg = Release|x86
		{435787AB-EA95-4062-B7E7-A080EEFDF899}.Release|x86.Build.0 = Release|x86
		{F3F40F50-1E0A-4EFC-9812-B93E8A065239}.Debug|Any CPU.ActiveCfg = Debug
		{F3F40F50-1E0A-4EFC-9812-B93E8A065239}.Debug|x64.ActiveCfg = Debug
		{F3F40F50-1E0A-4EFC-9812-B93E8A065239}.Debug|x86.ActiveCfg = Debug
		{F3F40F50-1E0A-4EFC-9812-B93E8A065239}.Release|Any CPU.ActiveCfg = Release
		{F3F40F50-1E0A-4EFC-9812-B93E8A065239}.Release|x64.ActiveCfg = Release
		{F3F40F50-1E0A-4EFC-9812-B93E8A065239}.Release|x86.ActiveCfg = Release
		{DF54D181-7F6C-4ACB-96B9-AB4548F58F60}.Debug|Any CPU.ActiveCfg = Debug|Any CPU
		{DF54D181-7F6C-4ACB-96B9-AB4548F58F60}.Debug|Any CPU.Build.0 = Debug|Any CPU
		{DF54D181-7F6C-4ACB-96B9-AB4548F58F60}.Debug|x64.ActiveCfg = Debug|Any CPU
		{DF54D181-7F6C-4ACB-96B9-AB4548F58F60}.Debug|x64.Build.0 = Debug|Any CPU
		{DF54D181-7F6C-4ACB-96B9-AB4548F58F60}.Debug|x86.ActiveCfg = Debug|Any CPU
		{DF54D181-7F6C-4ACB-96B9-AB4548F58F60}.Debug|x86.Build.0 = Debug|Any CPU
		{DF54D181-7F6C-4ACB-96B9-AB4548F58F60}.Release|Any CPU.ActiveCfg = Release|Any CPU
		{DF54D181-7F6C-4ACB-96B9-AB4548F58F60}.Release|Any CPU.Build.0 = Release|Any CPU
		{DF54D181-7F6C-4ACB-96B9-AB4548F58F60}.Release|x64.ActiveCfg = Release|Any CPU
		{DF54D181-7F6C-4ACB-96B9-AB4548F58F60}.Release|x64.Build.0 = Release|Any CPU
		{DF54D181-7F6C-4ACB-96B9-AB4548F58F60}.Release|x86.ActiveCfg = Release|Any CPU
		{DF54D181-7F6C-4ACB-96B9-AB4548F58F60}.Release|x86.Build.0 = Release|Any CPU
	EndGlobalSection
	GlobalSection(SolutionProperties) = preSolution
		HideSolutionNode = FALSE
	EndGlobalSection
EndGlobal
